
Microsoft Visual Studio Solution File, Format Version 12.00
# Visual Studio Version 16
VisualStudioVersion = 16.0.30413.136
MinimumVisualStudioVersion = 10.0.40219.1
Project("{FAE04EC0-301F-11D3-BF4B-00C04F79EFBC}") = "Valheim.CustomRaids", "Valheim.CustomRaids.csproj", "{B995772E-D159-414B-8A87-EFF6C8CC6D08}"
EndProject
Global
	GlobalSection(SolutionConfigurationPlatforms) = preSolution
		Debug|Any CPU = Debug|Any CPU
		Release|Any CPU = Release|Any CPU
	EndGlobalSection
	GlobalSection(ProjectConfigurationPlatforms) = postSolution
		{B995772E-D159-414B-8A87-EFF6C8CC6D08}.Debug|Any CPU.ActiveCfg = Debug|Any CPU
		{B995772E-D159-414B-8A87-EFF6C8CC6D08}.Debug|Any CPU.Build.0 = Debug|Any CPU
		{B995772E-D159-414B-8A87-EFF6C8CC6D08}.Release|Any CPU.ActiveCfg = Release|Any CPU
		{B995772E-D159-414B-8A87-EFF6C8CC6D08}.Release|Any CPU.Build.0 = Release|Any CPU
	EndGlobalSection
	GlobalSection(SolutionProperties) = preSolution
		HideSolutionNode = FALSE
	EndGlobalSection
	GlobalSection(ExtensibilityGlobals) = postSolution
		SolutionGuid = {69E45CD2-C15E-47D7-8EE8-FB5155A64A9B}
	EndGlobalSection
EndGlobal
